<?xml version="1.0" encoding="utf-8"?>
<Project ToolsVersion="14.0" xmlns="http://schemas.microsoft.com/developer/msbuild/2003">
  <ItemGroup>
    <ClCompile Include="G:\newiec\OS\cmsis_rtthread.c">
      <Filter>Source Files</Filter>
    </ClCompile>
    <ClCompile Include="Core\iec_event.c">
      <Filter>Source Files</Filter>
    </ClCompile>
    <ClCompile Include="Core\iec_sys.c">
      <Filter>Source Files</Filter>
    </ClCompile>
    <ClCompile Include="Layer\Link\serial_link.c">
      <Filter>Source Files</Filter>
    </ClCompile>
    <ClCompile Include="Layer\App\app.c">
      <Filter>Source Files</Filter>
    </ClCompile>
  </ItemGroup>
  <ItemGroup>
    <Filter Include="Source Files">
      <UniqueIdentifier>{D30D42BC-177A-3068-A5AA-CFB5612AF5A6}</UniqueIdentifier>
    </Filter>
  </ItemGroup>
  <ItemGroup>
    <ClInclude Include="Core\iec_event.h">
      <Filter>Source Files</Filter>
    </ClInclude>
    <ClInclude Include="Core\iec_cfg.h">
      <Filter>Source Files</Filter>
    </ClInclude>
    <ClInclude Include="Core\iec_sys.h">
      <Filter>Source Files</Filter>
    </ClInclude>
    <ClInclude Include="Layer\Link\serial_link.h">
      <Filter>Source Files</Filter>
    </ClInclude>
    <ClInclude Include="Layer\App\app.h">
      <Filter>Source Files</Filter>
    </ClInclude>
    <ClInclude Include="Layer\App\element.h">
      <Filter>Source Files</Filter>
    </ClInclude>
    <ClInclude Include="Layer\App\asdu.h">
      <Filter>Source Files</Filter>
    </ClInclude>
  </ItemGroup>
  <ItemGroup>
    <None Include="READ.org" />
  </ItemGroup>
</Project>