Microsoft Visual Studio Solution File, Format Version 12.00
# Visual Studio 14
Project("{8BC9CEB8-8B4A-11D0-8D11-00A0C91BC942}") = "ALL_BUILD", "ALL_BUILD.vcxproj", "{DA725F77-9FB7-3BB9-BCC8-6B963BDD2823}"
	ProjectSection(ProjectDependencies) = postProject
		{5749F620-2157-3479-9E93-DE1EE837C5B8} = {5749F620-2157-3479-9E93-DE1EE837C5B8}
		{12CFD490-344A-399F-ADC3-EC2D33D32D72} = {12CFD490-344A-399F-ADC3-EC2D33D32D72}
	EndProjectSection
EndProject
Project("{8BC9CEB8-8B4A-11D0-8D11-00A0C91BC942}") = "ZERO_CHECK", "ZERO_CHECK.vcxproj", "{5749F620-2157-3479-9E93-DE1EE837C5B8}"
	ProjectSection(ProjectDependencies) = postProject
	EndProjectSection
EndProject
Project("{8BC9CEB8-8B4A-11D0-8D11-00A0C91BC942}") = "newiec", "newiec.vcxproj", "{12CFD490-344A-399F-ADC3-EC2D33D32D72}"
	ProjectSection(ProjectDependencies) = postProject
		{5749F620-2157-3479-9E93-DE1EE837C5B8} = {5749F620-2157-3479-9E93-DE1EE837C5B8}
	EndProjectSection
EndProject
Global
	GlobalSection(SolutionConfigurationPlatforms) = preSolution
		Debug|Win32 = Debug|Win32
		Release|Win32 = Release|Win32
		MinSizeRel|Win32 = MinSizeRel|Win32
		RelWithDebInfo|Win32 = RelWithDebInfo|Win32
	EndGlobalSection
	GlobalSection(ProjectConfigurationPlatforms) = postSolution
		{DA725F77-9FB7-3BB9-BCC8-6B963BDD2823}.Debug|Win32.ActiveCfg = Debug|Win32
		{DA725F77-9FB7-3BB9-BCC8-6B963BDD2823}.Release|Win32.ActiveCfg = Release|Win32
		{DA725F77-9FB7-3BB9-BCC8-6B963BDD2823}.MinSizeRel|Win32.ActiveCfg = MinSizeRel|Win32
		{DA725F77-9FB7-3BB9-BCC8-6B963BDD2823}.RelWithDebInfo|Win32.ActiveCfg = RelWithDebInfo|Win32
		{5749F620-2157-3479-9E93-DE1EE837C5B8}.Debug|Win32.ActiveCfg = Debug|Win32
		{5749F620-2157-3479-9E93-DE1EE837C5B8}.Debug|Win32.Build.0 = Debug|Win32
		{5749F620-2157-3479-9E93-DE1EE837C5B8}.Release|Win32.ActiveCfg = Release|Win32
		{5749F620-2157-3479-9E93-DE1EE837C5B8}.Release|Win32.Build.0 = Release|Win32
		{5749F620-2157-3479-9E93-DE1EE837C5B8}.MinSizeRel|Win32.ActiveCfg = MinSizeRel|Win32
		{5749F620-2157-3479-9E93-DE1EE837C5B8}.MinSizeRel|Win32.Build.0 = MinSizeRel|Win32
		{5749F620-2157-3479-9E93-DE1EE837C5B8}.RelWithDebInfo|Win32.ActiveCfg = RelWithDebInfo|Win32
		{5749F620-2157-3479-9E93-DE1EE837C5B8}.RelWithDebInfo|Win32.Build.0 = RelWithDebInfo|Win32
		{12CFD490-344A-399F-ADC3-EC2D33D32D72}.Debug|Win32.ActiveCfg = Debug|Win32
		{12CFD490-344A-399F-ADC3-EC2D33D32D72}.Debug|Win32.Build.0 = Debug|Win32
		{12CFD490-344A-399F-ADC3-EC2D33D32D72}.Release|Win32.ActiveCfg = Release|Win32
		{12CFD490-344A-399F-ADC3-EC2D33D32D72}.Release|Win32.Build.0 = Release|Win32
		{12CFD490-344A-399F-ADC3-EC2D33D32D72}.MinSizeRel|Win32.ActiveCfg = MinSizeRel|Win32
		{12CFD490-344A-399F-ADC3-EC2D33D32D72}.MinSizeRel|Win32.Build.0 = MinSizeRel|Win32
		{12CFD490-344A-399F-ADC3-EC2D33D32D72}.RelWithDebInfo|Win32.ActiveCfg = RelWithDebInfo|Win32
		{12CFD490-344A-399F-ADC3-EC2D33D32D72}.RelWithDebInfo|Win32.Build.0 = RelWithDebInfo|Win32
	EndGlobalSection
	GlobalSection(ExtensibilityGlobals) = postSolution
	EndGlobalSection
	GlobalSection(ExtensibilityAddIns) = postSolution
	EndGlobalSection
EndGlobal
